PODS:
  - Alamofire (5.11.1)
  - APIService/Auth (1.0.10):
    - BinaryLoaderExtensions (= 1.0.4)
    - BinaryLoaderNetwork (= 1.0.7)
  - BinaryLoaderDIContainer (1.0.6)
  - BinaryLoaderExtensions (1.0.4)
  - BinaryLoaderNetwork (1.0.7):
    - Moya (= 15.0.0)
  - BinaryLoaderUI/InsetTextField (1.0.4)
  - Dependencies/AlbumList (1.0.3)
  - Dependencies/Login (1.0.3)
  - LoginScene (1.0.14):
    - APIService/Auth (= 1.0.10)
    - BinaryLoaderDIContainer (= 1.0.6)
    - BinaryLoaderExtensions (= 1.0.4)
    - BinaryLoaderUI/InsetTextField (= 1.0.4)
    - Dependencies/AlbumList (= 1.0.3)
    - Dependencies/Login (= 1.0.3)
  - Moya (15.0.0):
    - Moya/Core (= 15.0.0)
  - Moya/Core (15.0.0):
    - Alamofire (~> 5.0)

DEPENDENCIES:
  - LoginScene (= 1.0.14)

SPEC REPOS:
  https://github.com/binaryloader/cocoapods-specs.git:
    - BinaryLoaderDIContainer
    - BinaryLoaderExtensions
    - BinaryLoaderNetwork
    - BinaryLoaderUI
  https://github.com/binaryloader/synstagram-module-cocoapods-specs.git:
    - APIService
    - Dependencies
  https://github.com/binaryloader/synstagram-scene-cocoapods-specs.git:
    - LoginScene
  https://github.com/CocoaPods/Specs.git:
    - Alamofire
    - Moya

SPEC CHECKSUMS:
  Alamofire: eec6cd8f73b242b59e34153a606a909eb9864b14
  APIService: b4dc230967d321ea434cc5ca611ddbfd2d719794
  BinaryLoaderDIContainer: ca370daee9113b35d2753c038875d252d26a42e8
  BinaryLoaderExtensions: fbc238a1795ab1aec2077892635431e95039cb70
  BinaryLoaderNetwork: 63af34dc153ab9661d8714b3b55707dc02464417
  BinaryLoaderUI: 643d4dce5781d6a35d2e489791d515e47724b070
  Dependencies: a2a7fbd1eef5983573b8ebede511ed87bf7e7aa7
  LoginScene: 49ee082c3d48cf570620a36d73cafed2371a5a45
  Moya: 138f0573e53411fb3dc17016add0b748dfbd78ee

PODFILE CHECKSUM: 43342e94df3c6e538d0d85d8b5866d3dedce3be0

COCOAPODS: 1.16.2
