PODS:
  - Alamofire (5.11.1)
  - APIService/Auth (1.0.6):
    - BinaryloaderExtensions (= 1.0.2)
    - BinaryloaderNetwork (= 1.0.4)
  - BinaryloaderDIContainer (1.0.4)
  - BinaryloaderExtensions (1.0.2)
  - BinaryloaderNetwork (1.0.4):
    - Moya (= 15.0.0)
  - BinaryloaderUI/InsetTextField (1.0.2)
  - Dependencies/AlbumList (1.0.2)
  - Dependencies/Login (1.0.2)
  - LoginScene (1.0.10):
    - APIService/Auth (= 1.0.6)
    - BinaryloaderDIContainer (= 1.0.4)
    - BinaryloaderExtensions (= 1.0.2)
    - BinaryloaderUI/InsetTextField (= 1.0.2)
    - Dependencies/AlbumList (= 1.0.2)
    - Dependencies/Login (= 1.0.2)
  - Moya (15.0.0):
    - Moya/Core (= 15.0.0)
  - Moya/Core (15.0.0):
    - Alamofire (~> 5.0)

DEPENDENCIES:
  - LoginScene (= 1.0.10)

SPEC REPOS:
  https://github.com/binaryloader/cocoapods-specs.git:
    - BinaryloaderDIContainer
    - BinaryloaderExtensions
    - BinaryloaderNetwork
    - BinaryloaderUI
  https://github.com/binaryloader/synstagram-module-cocoapods-specs.git:
    - APIService
    - Dependencies
  https://github.com/binaryloader/synstagram-scene-cocoapods-specs.git:
    - LoginScene
  https://github.com/CocoaPods/Specs.git:
    - Alamofire
    - Moya

SPEC CHECKSUMS:
  Alamofire: eec6cd8f73b242b59e34153a606a909eb9864b14
  APIService: f642c6891ebf36adab147294200e6fef1841104f
  BinaryloaderDIContainer: 5fb0e87624fbc34195be378dd1f07b5b86967181
  BinaryloaderExtensions: aa243423db949a27ede4fd71f28df922aebb712a
  BinaryloaderNetwork: 40ce042347ff7ed0f37a79aec9670f0ff03d25aa
  BinaryloaderUI: d4a8b0c5ce726cef94a32c30122fe26bdaed74b2
  Dependencies: 75817aca649a359deb1749a993f76c91b6dc5e0e
  LoginScene: 9faa656c3e520675ce19c144febd2777440b5e10
  Moya: 138f0573e53411fb3dc17016add0b748dfbd78ee

PODFILE CHECKSUM: 79638e1e4fe28b7b774072fb7c5aa693d46a26c9

COCOAPODS: 1.16.2
