PODS:
  - Alamofire (5.11.1)
  - APIService/Auth (1.0.6):
    - BinaryloaderExtensions (= 1.0.2)
    - BinaryloaderNetwork (= 1.0.4)
  - BinaryloaderDIContainer (1.0.4)
  - BinaryloaderExtensions (1.0.2)
  - BinaryloaderNetwork (1.0.4):
    - Moya (= 15.0.0)
  - BinaryloaderUI/InsetTextField (1.0.2)
  - Dependencies/AlbumList (1.0.2)
  - Dependencies/Login (1.0.2)
  - LoginScene (1.0.9):
    - APIService/Auth (= 1.0.6)
    - BinaryloaderDIContainer (= 1.0.4)
    - BinaryloaderExtensions (= 1.0.2)
    - BinaryloaderUI/InsetTextField (= 1.0.2)
    - Dependencies/AlbumList (= 1.0.2)
    - Dependencies/Login (= 1.0.2)
  - Moya (15.0.0):
    - Moya/Core (= 15.0.0)
  - Moya/Core (15.0.0):
    - Alamofire (~> 5.0)

DEPENDENCIES:
  - LoginScene (= 1.0.9)

SPEC REPOS:
  https://github.com/binaryloader/cocoapods-specs.git:
    - BinaryloaderDIContainer
    - BinaryloaderExtensions
    - BinaryloaderNetwork
    - BinaryloaderUI
  https://github.com/binaryloader/synstagram-module-cocoapods-specs.git:
    - APIService
    - Dependencies
  https://github.com/binaryloader/synstagram-scene-cocoapods-specs.git:
    - LoginScene
  https://github.com/CocoaPods/Specs.git:
    - Alamofire
    - Moya

SPEC CHECKSUMS:
  Alamofire: eec6cd8f73b242b59e34153a606a909eb9864b14
  APIService: f642c6891ebf36adab147294200e6fef1841104f
  BinaryloaderDIContainer: 9a8aa40dc3aee1cd864c6f6647ee353565fc4842
  BinaryloaderExtensions: cef68325d4b908ac42f82ff36c8573416532232c
  BinaryloaderNetwork: 40ce042347ff7ed0f37a79aec9670f0ff03d25aa
  BinaryloaderUI: 07293343e6781329c62ed47bdc57b8e5312a5fe0
  Dependencies: f63cf2ec33ed229c3e523f2a9dd59ac84d182559
  LoginScene: 4e6b433ece881a0a5dafe65e0e7bc81273f0675d
  Moya: 138f0573e53411fb3dc17016add0b748dfbd78ee

PODFILE CHECKSUM: a6c187f160891ed7e1c4d811d3e7c266ddd34172

COCOAPODS: 1.16.2
